// !$*UTF8*$!
{
	archiveVersion = 1;
	classes = {
	};
	objectVersion = 46;
	objects = {

/* Begin PBXBuildFile section */
		925A1F321B1E916400E0D182 /* AppDelegate.swift in Sources */ = {isa = PBXBuildFile; fileRef = 925A1F311B1E916400E0D182 /* AppDelegate.swift */; };
		925A1F341B1E916400E0D182 /* ViewController.swift in Sources */ = {isa = PBXBuildFile; fileRef = 925A1F331B1E916400E0D182 /* ViewController.swift */; };
		925A1F371B1E916400E0D182 /* Main.storyboard in Resources */ = {isa = PBXBuildFile; fileRef = 925A1F351B1E916400E0D182 /* Main.storyboard */; };
		925A1F391B1E916400E0D182 /* Images.xcassets in Resources */ = {isa = PBXBuildFile; fileRef = 925A1F381B1E916400E0D182 /* Images.xcassets */; };
		925A1F3C1B1E916400E0D182 /* LaunchScreen.xib in Resources */ = {isa = PBXBuildFile; fileRef = 925A1F3A1B1E916400E0D182 /* LaunchScreen.xib */; };
		925A1F481B1E916400E0D182 /* HelloAppleWatchTests.swift in Sources */ = {isa = PBXBuildFile; fileRef = 925A1F471B1E916400E0D182 /* HelloAppleWatchTests.swift */; };
		925A1F5A1B1E91B400E0D182 /* InterfaceController.swift in Sources */ = {isa = PBXBuildFile; fileRef = 925A1F591B1E91B400E0D182 /* InterfaceController.swift */; };
		925A1F5C1B1E91B400E0D182 /* Images.xcassets in Resources */ = {isa = PBXBuildFile; fileRef = 925A1F5B1B1E91B400E0D182 /* Images.xcassets */; };
		925A1F601B1E91B400E0D182 /* HelloAppleWatch WatchKit App.app in Resources */ = {isa = PBXBuildFile; fileRef = 925A1F5F1B1E91B400E0D182 /* HelloAppleWatch WatchKit App.app */; };
		925A1F681B1E91B400E0D182 /* Interface.storyboard in Resources */ = {isa = PBXBuildFile; fileRef = 925A1F661B1E91B400E0D182 /* Interface.storyboard */; };
		925A1F6A1B1E91B400E0D182 /* Images.xcassets in Resources */ = {isa = PBXBuildFile; fileRef = 925A1F691B1E91B400E0D182 /* Images.xcassets */; };
		925A1F6D1B1E91B400E0D182 /* HelloAppleWatch WatchKit Extension.appex in Embed App Extensions */ = {isa = PBXBuildFile; fileRef = 925A1F551B1E91B400E0D182 /* HelloAppleWatch WatchKit Extension.appex */; settings = {ATTRIBUTES = (RemoveHeadersOnCopy, ); }; };
/* End PBXBuildFile section */

/* Begin PBXContainerItemProxy section */
		925A1F421B1E916400E0D182 /* PBXContainerItemProxy */ = {
			isa = PBXContainerItemProxy;
			containerPortal = 925A1F241B1E916400E0D182 /* Project object */;
			proxyType = 1;
			remoteGlobalIDString = 925A1F2B1B1E916400E0D182;
			remoteInfo = HelloAppleWatch;
		};
		925A1F611B1E91B400E0D182 /* PBXContainerItemProxy */ = {
			isa = PBXContainerItemProxy;
			containerPortal = 925A1F241B1E916400E0D182 /* Project object */;
			proxyType = 1;
			remoteGlobalIDString = 925A1F5E1B1E91B400E0D182;
			remoteInfo = "HelloAppleWatch WatchKit App";
		};
		925A1F6B1B1E91B400E0D182 /* PBXContainerItemProxy */ = {
			isa = PBXContainerItemProxy;
			containerPortal = 925A1F241B1E916400E0D182 /* Project object */;
			proxyType = 1;
			remoteGlobalIDString = 925A1F541B1E91B400E0D182;
			remoteInfo = "HelloAppleWatch WatchKit Extension";
		};
/* End PBXContainerItemProxy section */

/* Begin PBXCopyFilesBuildPhase section */
		925A1F741B1E91B400E0D182 /* Embed App Extensions */ = {
			isa = PBXCopyFilesBuildPhase;
			buildActionMask = 2147483647;
			dstPath = "";
			dstSubfolderSpec = 13;
			files = (
				925A1F6D1B1E91B400E0D182 /* HelloAppleWatch WatchKit Extension.appex in Embed App Extensions */,
			);
			name = "Embed App Extensions";
			runOnlyForDeploymentPostprocessing = 0;
		};
/* End PBXCopyFilesBuildPhase section */

/* Begin PBXFileReference section */
		925A1F2C1B1E916400E0D182 /* HelloAppleWatch.app */ = {isa = PBXFileReference; explicitFileType = wrapper.application; includeInIndex = 0; path = HelloAppleWatch.app; sourceTree = BUILT_PRODUCTS_DIR; };
		925A1F301B1E916400E0D182 /* Info.plist */ = {isa = PBXFileReference; lastKnownFileType = text.plist.xml; path = Info.plist; sourceTree = "<group>"; };
		925A1F311B1E916400E0D182 /* AppDelegate.swift */ = {isa = PBXFileReference; lastKnownFileType = sourcecode.swift; path = AppDelegate.swift; sourceTree = "<group>"; };
		925A1F331B1E916400E0D182 /* ViewController.swift */ = {isa = PBXFileReference; lastKnownFileType = sourcecode.swift; path = ViewController.swift; sourceTree = "<group>"; };
		925A1F361B1E916400E0D182 /* Base */ = {isa = PBXFileReference; lastKnownFileType = file.storyboard; name = Base; path = Base.lproj/Main.storyboard; sourceTree = "<group>"; };
		925A1F381B1E916400E0D182 /* Images.xcassets */ = {isa = PBXFileReference; lastKnownFileType = folder.assetcatalog; path = Images.xcassets; sourceTree = "<group>"; };
		925A1F3B1B1E916400E0D182 /* Base */ = {isa = PBXFileReference; lastKnownFileType = file.xib; name = Base; path = Base.lproj/LaunchScreen.xib; sourceTree = "<group>"; };
		925A1F411B1E916400E0D182 /* HelloAppleWatchTests.xctest */ = {isa = PBXFileReference; explicitFileType = wrapper.cfbundle; includeInIndex = 0; path = HelloAppleWatchTests.xctest; sourceTree = BUILT_PRODUCTS_DIR; };
		925A1F461B1E916400E0D182 /* Info.plist */ = {isa = PBXFileReference; lastKnownFileType = text.plist.xml; path = Info.plist; sourceTree = "<group>"; };
		925A1F471B1E916400E0D182 /* HelloAppleWatchTests.swift */ = {isa = PBXFileReference; lastKnownFileType = sourcecode.swift; path = HelloAppleWatchTests.swift; sourceTree = "<group>"; };
		925A1F551B1E91B400E0D182 /* HelloAppleWatch WatchKit Extension.appex */ = {isa = PBXFileReference; explicitFileType = "wrapper.app-extension"; includeInIndex = 0; path = "HelloAppleWatch WatchKit Extension.appex"; sourceTree = BUILT_PRODUCTS_DIR; };
		925A1F581B1E91B400E0D182 /* Info.plist */ = {isa = PBXFileReference; lastKnownFileType = text.plist.xml; path = Info.plist; sourceTree = "<group>"; };
		925A1F591B1E91B400E0D182 /* InterfaceController.swift */ = {isa = PBXFileReference; lastKnownFileType = sourcecode.swift; path = InterfaceController.swift; sourceTree = "<group>"; };
		925A1F5B1B1E91B400E0D182 /* Images.xcassets */ = {isa = PBXFileReference; lastKnownFileType = folder.assetcatalog; path = Images.xcassets; sourceTree = "<group>"; };
		925A1F5F1B1E91B400E0D182 /* HelloAppleWatch WatchKit App.app */ = {isa = PBXFileReference; explicitFileType = wrapper.application; includeInIndex = 0; path = "HelloAppleWatch WatchKit App.app"; sourceTree = BUILT_PRODUCTS_DIR; };
		925A1F651B1E91B400E0D182 /* Info.plist */ = {isa = PBXFileReference; lastKnownFileType = text.plist.xml; path = Info.plist; sourceTree = "<group>"; };
		925A1F671B1E91B400E0D182 /* Base */ = {isa = PBXFileReference; lastKnownFileType = file.storyboard; name = Base; path = Base.lproj/Interface.storyboard; sourceTree = "<group>"; };
		925A1F691B1E91B400E0D182 /* Images.xcassets */ = {isa = PBXFileReference; lastKnownFileType = folder.assetcatalog; path = Images.xcassets; sourceTree = "<group>"; };
/* End PBXFileReference section */

/* Begin PBXFrameworksBuildPhase section */
		925A1F291B1E916400E0D182 /* Frameworks */ = {
			isa = PBXFrameworksBuildPhase;
			buildActionMask = 2147483647;
			files = (
			);
			runOnlyForDeploymentPostprocessing = 0;
		};
		925A1F3E1B1E916400E0D182 /* Frameworks */ = {
			isa = PBXFrameworksBuildPhase;
			buildActionMask = 2147483647;
			files = (
			);
			runOnlyForDeploymentPostprocessing = 0;
		};
		925A1F521B1E91B400E0D182 /* Frameworks */ = {
			isa = PBXFrameworksBuildPhase;
			buildActionMask = 2147483647;
			files = (
			);
			runOnlyForDeploymentPostprocessing = 0;
		};
/* End PBXFrameworksBuildPhase section */

/* Begin PBXGroup section */
		925A1F231B1E916400E0D182 = {
			isa = PBXGroup;
			children = (
				925A1F2E1B1E916400E0D182 /* HelloAppleWatch */,
				925A1F441B1E916400E0D182 /* HelloAppleWatchTests */,
				925A1F561B1E91B400E0D182 /* HelloAppleWatch WatchKit Extension */,
				925A1F631B1E91B400E0D182 /* HelloAppleWatch WatchKit App */,
				925A1F2D1B1E916400E0D182 /* Products */,
			);
			sourceTree = "<group>";
		};
		925A1F2D1B1E916400E0D182 /* Products */ = {
			isa = PBXGroup;
			children = (
				925A1F2C1B1E916400E0D182 /* HelloAppleWatch.app */,
				925A1F411B1E916400E0D182 /* HelloAppleWatchTests.xctest */,
				925A1F551B1E91B400E0D182 /* HelloAppleWatch WatchKit Extension.appex */,
				925A1F5F1B1E91B400E0D182 /* HelloAppleWatch WatchKit App.app */,
			);
			name = Products;
			sourceTree = "<group>";
		};
		925A1F2E1B1E916400E0D182 /* HelloAppleWatch */ = {
			isa = PBXGroup;
			children = (
				925A1F311B1E916400E0D182 /* AppDelegate.swift */,
				925A1F331B1E916400E0D182 /* ViewController.swift */,
				925A1F351B1E916400E0D182 /* Main.storyboard */,
				925A1F381B1E916400E0D182 /* Images.xcassets */,
				925A1F3A1B1E916400E0D182 /* LaunchScreen.xib */,
				925A1F2F1B1E916400E0D182 /* Supporting Files */,
			);
			path = HelloAppleWatch;
			sourceTree = "<group>";
		};
		925A1F2F1B1E916400E0D182 /* Supporting Files */ = {
			isa = PBXGroup;
			children = (
				925A1F301B1E916400E0D182 /* Info.plist */,
			);
			name = "Supporting Files";
			sourceTree = "<group>";
		};
		925A1F441B1E916400E0D182 /* HelloAppleWatchTests */ = {
			isa = PBXGroup;
			children = (
				925A1F471B1E916400E0D182 /* HelloAppleWatchTests.swift */,
				925A1F451B1E916400E0D182 /* Supporting Files */,
			);
			path = HelloAppleWatchTests;
			sourceTree = "<group>";
		};
		925A1F451B1E916400E0D182 /* Supporting Files */ = {
			isa = PBXGroup;
			children = (
				925A1F461B1E916400E0D182 /* Info.plist */,
			);
			name = "Supporting Files";
			sourceTree = "<group>";
		};
		925A1F561B1E91B400E0D182 /* HelloAppleWatch WatchKit Extension */ = {
			isa = PBXGroup;
			children = (
				925A1F591B1E91B400E0D182 /* InterfaceController.swift */,
				925A1F5B1B1E91B400E0D182 /* Images.xcassets */,
				925A1F571B1E91B400E0D182 /* Supporting Files */,
			);
			path = "HelloAppleWatch WatchKit Extension";
			sourceTree = "<group>";
		};
		925A1F571B1E91B400E0D182 /* Supporting Files */ = {
			isa = PBXGroup;
			children = (
				925A1F581B1E91B400E0D182 /* Info.plist */,
			);
			name = "Supporting Files";
			sourceTree = "<group>";
		};
		925A1F631B1E91B400E0D182 /* HelloAppleWatch WatchKit App */ = {
			isa = PBXGroup;
			children = (
				925A1F661B1E91B400E0D182 /* Interface.storyboard */,
				925A1F691B1E91B400E0D182 /* Images.xcassets */,
				925A1F641B1E91B400E0D182 /* Supporting Files */,
			);
			path = "HelloAppleWatch WatchKit App";
			sourceTree = "<group>";
		};
		925A1F641B1E91B400E0D182 /* Supporting Files */ = {
			isa = PBXGroup;
			children = (
				925A1F651B1E91B400E0D182 /* Info.plist */,
			);
			name = "Supporting Files";
			sourceTree = "<group>";
		};
/* End PBXGroup section */

/* Begin PBXNativeTarget section */
		925A1F2B1B1E916400E0D182 /* HelloAppleWatch */ = {
			isa = PBXNativeTarget;
			buildConfigurationList = 925A1F4B1B1E916400E0D182 /* Build configuration list for PBXNativeTarget "HelloAppleWatch" */;
			buildPhases = (
				925A1F281B1E916400E0D182 /* Sources */,
				925A1F291B1E916400E0D182 /* Frameworks */,
				925A1F2A1B1E916400E0D182 /* Resources */,
				925A1F741B1E91B400E0D182 /* Embed App Extensions */,
			);
			buildRules = (
			);
			dependencies = (
				925A1F6C1B1E91B400E0D182 /* PBXTargetDependency */,
			);
			name = HelloAppleWatch;
			productName = HelloAppleWatch;
			productReference = 925A1F2C1B1E916400E0D182 /* HelloAppleWatch.app */;
			productType = "com.apple.product-type.application";
		};
		925A1F401B1E916400E0D182 /* HelloAppleWatchTests */ = {
			isa = PBXNativeTarget;
			buildConfigurationList = 925A1F4E1B1E916400E0D182 /* Build configuration list for PBXNativeTarget "HelloAppleWatchTests" */;
			buildPhases = (
				925A1F3D1B1E916400E0D182 /* Sources */,
				925A1F3E1B1E916400E0D182 /* Frameworks */,
				925A1F3F1B1E916400E0D182 /* Resources */,
			);
			buildRules = (
			);
			dependencies = (
				925A1F431B1E916400E0D182 /* PBXTargetDependency */,
			);
			name = HelloAppleWatchTests;
			productName = HelloAppleWatchTests;
			productReference = 925A1F411B1E916400E0D182 /* HelloAppleWatchTests.xctest */;
			productType = "com.apple.product-type.bundle.unit-test";
		};
		925A1F541B1E91B400E0D182 /* HelloAppleWatch WatchKit Extension */ = {
			isa = PBXNativeTarget;
			buildConfigurationList = 925A1F711B1E91B400E0D182 /* Build configuration list for PBXNativeTarget "HelloAppleWatch WatchKit Extension" */;
			buildPhases = (
				925A1F511B1E91B400E0D182 /* Sources */,
				925A1F521B1E91B400E0D182 /* Frameworks */,
				925A1F531B1E91B400E0D182 /* Resources */,
			);
			buildRules = (
			);
			dependencies = (
				925A1F621B1E91B400E0D182 /* PBXTargetDependency */,
			);
			name = "HelloAppleWatch WatchKit Extension";
			productName = "HelloAppleWatch WatchKit Extension";
			productReference = 925A1F551B1E91B400E0D182 /* HelloAppleWatch WatchKit Extension.appex */;
			productType = "com.apple.product-type.watchkit-extension";
		};
		925A1F5E1B1E91B400E0D182 /* HelloAppleWatch WatchKit App */ = {
			isa = PBXNativeTarget;
			buildConfigurationList = 925A1F6E1B1E91B400E0D182 /* Build configuration list for PBXNativeTarget "HelloAppleWatch WatchKit App" */;
			buildPhases = (
				925A1F5D1B1E91B400E0D182 /* Resources */,
			);
			buildRules = (
			);
			dependencies = (
			);
			name = "HelloAppleWatch WatchKit App";
			productName = "HelloAppleWatch WatchKit App";
			productReference = 925A1F5F1B1E91B400E0D182 /* HelloAppleWatch WatchKit App.app */;
			productType = "com.apple.product-type.application.watchapp";
		};
/* End PBXNativeTarget section */

/* Begin PBXProject section */
		925A1F241B1E916400E0D182 /* Project object */ = {
			isa = PBXProject;
			attributes = {
				LastUpgradeCheck = 0630;
				ORGANIZATIONNAME = "Anthony Murdukhayev";
				TargetAttributes = {
					925A1F2B1B1E916400E0D182 = {
						CreatedOnToolsVersion = 6.3.2;
					};
					925A1F401B1E916400E0D182 = {
						CreatedOnToolsVersion = 6.3.2;
						TestTargetID = 925A1F2B1B1E916400E0D182;
					};
					925A1F541B1E91B400E0D182 = {
						CreatedOnToolsVersion = 6.3.2;
					};
					925A1F5E1B1E91B400E0D182 = {
						CreatedOnToolsVersion = 6.3.2;
					};
				};
			};
			buildConfigurationList = 925A1F271B1E916400E0D182 /* Build configuration list for PBXProject "HelloAppleWatch" */;
			compatibilityVersion = "Xcode 3.2";
			developmentRegion = English;
			hasScannedForEncodings = 0;
			knownRegions = (
				en,
				Base,
			);
			mainGroup = 925A1F231B1E916400E0D182;
			productRefGroup = 925A1F2D1B1E916400E0D182 /* Products */;
			projectDirPath = "";
			projectRoot = "";
			targets = (
				925A1F2B1B1E916400E0D182 /* HelloAppleWatch */,
				925A1F401B1E916400E0D182 /* HelloAppleWatchTests */,
				925A1F541B1E91B400E0D182 /* HelloAppleWatch WatchKit Extension */,
				925A1F5E1B1E91B400E0D182 /* HelloAppleWatch WatchKit App */,
			);
		};
/* End PBXProject section */

/* Begin PBXResourcesBuildPhase section */
		925A1F2A1B1E916400E0D182 /* Resources */ = {
			isa = PBXResourcesBuildPhase;
			buildActionMask = 2147483647;
			files = (
				925A1F371B1E916400E0D182 /* Main.storyboard in Resources */,
				925A1F3C1B1E916400E0D182 /* LaunchScreen.xib in Resources */,
				925A1F391B1E916400E0D182 /* Images.xcassets in Resources */,
			);
			runOnlyForDeploymentPostprocessing = 0;
		};
		925A1F3F1B1E916400E0D182 /* Resources */ = {
			isa = PBXResourcesBuildPhase;
			buildActionMask = 2147483647;
			files = (
			);
			runOnlyForDeploymentPostprocessing = 0;
		};
		925A1F531B1E91B400E0D182 /* Resources */ = {
			isa = PBXResourcesBuildPhase;
			buildActionMask = 2147483647;
			files = (
				925A1F601B1E91B400E0D182 /* HelloAppleWatch WatchKit App.app in Resources */,
				925A1F5C1B1E91B400E0D182 /* Images.xcassets in Resources */,
			);
			runOnlyForDeploymentPostprocessing = 0;
		};
		925A1F5D1B1E91B400E0D182 /* Resources */ = {
			isa = PBXResourcesBuildPhase;
			buildActionMask = 2147483647;
			files = (
				925A1F681B1E91B400E0D182 /* Interface.storyboard in Resources */,
				925A1F6A1B1E91B400E0D182 /* Images.xcassets in Resources */,
			);
			runOnlyForDeploymentPostprocessing = 0;
		};
/* End PBXResourcesBuildPhase section */

/* Begin PBXSourcesBuildPhase section */
		925A1F281B1E916400E0D182 /* Sources */ = {
			isa = PBXSourcesBuildPhase;
			buildActionMask = 2147483647;
			files = (
				925A1F341B1E916400E0D182 /* ViewController.swift in Sources */,
				925A1F321B1E916400E0D182 /* AppDelegate.swift in Sources */,
			);
			runOnlyForDeploymentPostprocessing = 0;
		};
		925A1F3D1B1E916400E0D182 /* Sources */ = {
			isa = PBXSourcesBuildPhase;
			buildActionMask = 2147483647;
			files = (
				925A1F481B1E916400E0D182 /* HelloAppleWatchTests.swift in Sources */,
			);
			runOnlyForDeploymentPostprocessing = 0;
		};
		925A1F511B1E91B400E0D182 /* Sources */ = {
			isa = PBXSourcesBuildPhase;
			buildActionMask = 2147483647;
			files = (
				925A1F5A1B1E91B400E0D182 /* InterfaceController.swift in Sources */,
			);
			runOnlyForDeploymentPostprocessing = 0;
		};
/* End PBXSourcesBuildPhase section */

/* Begin PBXTargetDependency section */
		925A1F431B1E916400E0D182 /* PBXTargetDependency */ = {
			isa = PBXTargetDependency;
			target = 925A1F2B1B1E916400E0D182 /* HelloAppleWatch */;
			targetProxy = 925A1F421B1E916400E0D182 /* PBXContainerItemProxy */;
		};
		925A1F621B1E91B400E0D182 /* PBXTargetDependency */ = {
			isa = PBXTargetDependency;
			target = 925A1F5E1B1E91B400E0D182 /* HelloAppleWatch WatchKit App */;
			targetProxy = 925A1F611B1E91B400E0D182 /* PBXContainerItemProxy */;
		};
		925A1F6C1B1E91B400E0D182 /* PBXTargetDependency */ = {
			isa = PBXTargetDependency;
			target = 925A1F541B1E91B400E0D182 /* HelloAppleWatch WatchKit Extension */;
			targetProxy = 925A1F6B1B1E91B400E0D182 /* PBXContainerItemProxy */;
		};
/* End PBXTargetDependency section */

/* Begin PBXVariantGroup section */
		925A1F351B1E916400E0D182 /* Main.storyboard */ = {
			isa = PBXVariantGroup;
			children = (
				925A1F361B1E916400E0D182 /* Base */,
			);
			name = Main.storyboard;
			sourceTree = "<group>";
		};
		925A1F3A1B1E916400E0D182 /* LaunchScreen.xib */ = {
			isa = PBXVariantGroup;
			children = (
				925A1F3B1B1E916400E0D182 /* Base */,
			);
			name = LaunchScreen.xib;
			sourceTree = "<group>";
		};
		925A1F661B1E91B400E0D182 /* Interface.storyboard */ = {
			isa = PBXVariantGroup;
			children = (
				925A1F671B1E91B400E0D182 /* Base */,
			);
			name = Interface.storyboard;
			sourceTree = "<group>";
		};
/* End PBXVariantGroup section */

/* Begin XCBuildConfiguration section */
		925A1F491B1E916400E0D182 /* Debug */ = {
			isa = XCBuildConfiguration;
			buildSettings = {
				ALWAYS_SEARCH_USER_PATHS = NO;
				CLANG_CXX_LANGUAGE_STANDARD = "gnu++0x";
				CLANG_CXX_LIBRARY = "libc++";
				CLANG_ENABLE_MODULES = YES;
				CLANG_ENABLE_OBJC_ARC = YES;
				CLANG_WARN_BOOL_CONVERSION = YES;
				CLANG_WARN_CONSTANT_CONVERSION = YES;
				CLANG_WARN_DIRECT_OBJC_ISA_USAGE = YES_ERROR;
				CLANG_WARN_EMPTY_BODY = YES;
				CLANG_WARN_ENUM_CONVERSION = YES;
				CLANG_WARN_INT_CONVERSION = YES;
				CLANG_WARN_OBJC_ROOT_CLASS = YES_ERROR;
				CLANG_WARN_UNREACHABLE_CODE = YES;
				CLANG_WARN__DUPLICATE_METHOD_MATCH = YES;
				"CODE_SIGN_IDENTITY[sdk=iphoneos*]" = "iPhone Developer";
				COPY_PHASE_STRIP = NO;
				DEBUG_INFORMATION_FORMAT = "dwarf-with-dsym";
				ENABLE_STRICT_OBJC_MSGSEND = YES;
				GCC_C_LANGUAGE_STANDARD = gnu99;
				GCC_DYNAMIC_NO_PIC = NO;
				GCC_NO_COMMON_BLOCKS = YES;
				GCC_OPTIMIZATION_LEVEL = 0;
				GCC_PREPROCESSOR_DEFINITIONS = (
					"DEBUG=1",
					"$(inherited)",
				);
				GCC_SYMBOLS_PRIVATE_EXTERN = NO;
				GCC_WARN_64_TO_32_BIT_CONVERSION = YES;
				GCC_WARN_ABOUT_RETURN_TYPE = YES_ERROR;
				GCC_WARN_UNDECLARED_SELECTOR = YES;
				GCC_WARN_UNINITIALIZED_AUTOS = YES_AGGRESSIVE;
				GCC_WARN_UNUSED_FUNCTION = YES;
				GCC_WARN_UNUSED_VARIABLE = YES;
				IPHONEOS_DEPLOYMENT_TARGET = 8.3;
				MTL_ENABLE_DEBUG_INFO = YES;
				ONLY_ACTIVE_ARCH = YES;
				SDKROOT = iphoneos;
				SWIFT_OPTIMIZATION_LEVEL = "-Onone";
			};
			name = Debug;
		};
		925A1F4A1B1E916400E0D182 /* Release */ = {
			isa = XCBuildConfiguration;
			buildSettings = {
				ALWAYS_SEARCH_USER_PATHS = NO;
				CLANG_CXX_LANGUAGE_STANDARD = "gnu++0x";
				CLANG_CXX_LIBRARY = "libc++";
				CLANG_ENABLE_MODULES = YES;
				CLANG_ENABLE_OBJC_ARC = YES;
				CLANG_WARN_BOOL_CONVERSION = YES;
				CLANG_WARN_CONSTANT_CONVERSION = YES;
				CLANG_WARN_DIRECT_OBJC_ISA_USAGE = YES_ERROR;
				CLANG_WARN_EMPTY_BODY = YES;
				CLANG_WARN_ENUM_CONVERSION = YES;
				CLANG_WARN_INT_CONVERSION = YES;
				CLANG_WARN_OBJC_ROOT_CLASS = YES_ERROR;
				CLANG_WARN_UNREACHABLE_CODE = YES;
				CLANG_WARN__DUPLICATE_METHOD_MATCH = YES;
				"CODE_SIGN_IDENTITY[sdk=iphoneos*]" = "iPhone Developer";
				COPY_PHASE_STRIP = NO;
				DEBUG_INFORMATION_FORMAT = "dwarf-with-dsym";
				ENABLE_NS_ASSERTIONS = NO;
				ENABLE_STRICT_OBJC_MSGSEND = YES;
				GCC_C_LANGUAGE_STANDARD = gnu99;
				GCC_NO_COMMON_BLOCKS = YES;
				GCC_WARN_64_TO_32_BIT_CONVERSION = YES;
				GCC_WARN_ABOUT_RETURN_TYPE = YES_ERROR;
				GCC_WARN_UNDECLARED_SELECTOR = YES;
				GCC_WARN_UNINITIALIZED_AUTOS = YES_AGGRESSIVE;
				GCC_WARN_UNUSED_FUNCTION = YES;
				GCC_WARN_UNUSED_VARIABLE = YES;
				IPHONEOS_DEPLOYMENT_TARGET = 8.3;
				MTL_ENABLE_DEBUG_INFO = NO;
				SDKROOT = iphoneos;
				VALIDATE_PRODUCT = YES;
			};
			name = Release;
		};
		925A1F4C1B1E916400E0D182 /* Debug */ = {
			isa = XCBuildConfiguration;
			buildSettings = {
				ASSETCATALOG_COMPILER_APPICON_NAME = AppIcon;
				INFOPLIST_FILE = HelloAppleWatch/Info.plist;
				LD_RUNPATH_SEARCH_PATHS = "$(inherited) @executable_path/Frameworks";
				PRODUCT_NAME = "$(TARGET_NAME)";
			};
			name = Debug;
		};
		925A1F4D1B1E916400E0D182 /* Release */ = {
			isa = XCBuildConfiguration;
			buildSettings = {
				ASSETCATALOG_COMPILER_APPICON_NAME = AppIcon;
				INFOPLIST_FILE = HelloAppleWatch/Info.plist;
				LD_RUNPATH_SEARCH_PATHS = "$(inherited) @executable_path/Frameworks";
				PRODUCT_NAME = "$(TARGET_NAME)";
			};
			name = Release;
		};
		925A1F4F1B1E916400E0D182 /* Debug */ = {
			isa = XCBuildConfiguration;
			buildSettings = {
				BUNDLE_LOADER = "$(TEST_HOST)";
				FRAMEWORK_SEARCH_PATHS = (
					"$(SDKROOT)/Developer/Library/Frameworks",
					"$(inherited)",
				);
				GCC_PREPROCESSOR_DEFINITIONS = (
					"DEBUG=1",
					"$(inherited)",
				);
				INFOPLIST_FILE = HelloAppleWatchTests/Info.plist;
				LD_RUNPATH_SEARCH_PATHS = "$(inherited) @executable_path/Frameworks @loader_path/Frameworks";
				PRODUCT_NAME = "$(TARGET_NAME)";
				TEST_HOST = "$(BUILT_PRODUCTS_DIR)/HelloAppleWatch.app/HelloAppleWatch";
			};
			name = Debug;
		};
		925A1F501B1E916400E0D182 /* Release */ = {
			isa = XCBuildConfiguration;
			buildSettings = {
				BUNDLE_LOADER = "$(TEST_HOST)";
				FRAMEWORK_SEARCH_PATHS = (
					"$(SDKROOT)/Developer/Library/Frameworks",
					"$(inherited)",
				);
				INFOPLIST_FILE = HelloAppleWatchTests/Info.plist;
				LD_RUNPATH_SEARCH_PATHS = "$(inherited) @executable_path/Frameworks @loader_path/Frameworks";
				PRODUCT_NAME = "$(TARGET_NAME)";
				TEST_HOST = "$(BUILT_PRODUCTS_DIR)/HelloAppleWatch.app/HelloAppleWatch";
			};
			name = Release;
		};
		925A1F6F1B1E91B400E0D182 /* Debug */ = {
			isa = XCBuildConfiguration;
			buildSettings = {
				ASSETCATALOG_COMPILER_APPICON_NAME = AppIcon;
				GCC_PREPROCESSOR_DEFINITIONS = (
					"DEBUG=1",
					"$(inherited)",
				);
				IBSC_MODULE = HelloAppleWatch_WatchKit_Extension;
				INFOPLIST_FILE = "HelloAppleWatch WatchKit App/Info.plist";
				IPHONEOS_DEPLOYMENT_TARGET = 8.2;
				PRODUCT_NAME = "$(TARGET_NAME)";
				SKIP_INSTALL = YES;
				TARGETED_DEVICE_FAMILY = 4;
				"TARGETED_DEVICE_FAMILY[sdk=iphonesimulator*]" = "1,4";
			};
			name = Debug;
		};
		925A1F701B1E91B400E0D182 /* Release */ = {
			isa = XCBuildConfiguration;
			buildSettings = {
				ASSETCATALOG_COMPILER_APPICON_NAME = AppIcon;
				IBSC_MODULE = HelloAppleWatch_WatchKit_Extension;
				INFOPLIST_FILE = "HelloAppleWatch WatchKit App/Info.plist";
				IPHONEOS_DEPLOYMENT_TARGET = 8.2;
				PRODUCT_NAME = "$(TARGET_NAME)";
				SKIP_INSTALL = YES;
				TARGETED_DEVICE_FAMILY = 4;
				"TARGETED_DEVICE_FAMILY[sdk=iphonesimulator*]" = "1,4";
			};
			name = Release;
		};
		925A1F721B1E91B400E0D182 /* Debug */ = {
			isa = XCBuildConfiguration;
			buildSettings = {
				GCC_PREPROCESSOR_DEFINITIONS = (
					"DEBUG=1",
					"$(inherited)",
				);
				INFOPLIST_FILE = "HelloAppleWatch WatchKit Extension/Info.plist";
				LD_RUNPATH_SEARCH_PATHS = "$(inherited) @executable_path/Frameworks @executable_path/../../Frameworks";
				PRODUCT_NAME = "${TARGET_NAME}";
				SKIP_INSTALL = YES;
			};
			name = Debug;
		};
		925A1F731B1E91B400E0D182 /* Release */ = {
			isa = XCBuildConfiguration;
			buildSettings = {
				INFOPLIST_FILE = "HelloAppleWatch WatchKit Extension/Info.plist";
				LD_RUNPATH_SEARCH_PATHS = "$(inherited) @executable_path/Frameworks @executable_path/../../Frameworks";
				PRODUCT_NAME = "${TARGET_NAME}";
				SKIP_INSTALL = YES;
			};
			name = Release;
		};
/* End XCBuildConfiguration section */

/* Begin XCConfigurationList section */
		925A1F271B1E916400E0D182 /* Build configuration list for PBXProject "HelloAppleWatch" */ = {
			isa = XCConfigurationList;
			buildConfigurations = (
				925A1F491B1E916400E0D182 /* Debug */,
				925A1F4A1B1E916400E0D182 /* Release */,
			);
			defaultConfigurationIsVisible = 0;
			defaultConfigurationName = Release;
		};
		925A1F4B1B1E916400E0D182 /* Build configuration list for PBXNativeTarget "HelloAppleWatch" */ = {
			isa = XCConfigurationList;
			buildConfigurations = (
				925A1F4C1B1E916400E0D182 /* Debug */,
				925A1F4D1B1E916400E0D182 /* Release */,
			);
			defaultConfigurationIsVisible = 0;
		};
		925A1F4E1B1E916400E0D182 /* Build configuration list for PBXNativeTarget "HelloAppleWatchTests" */ = {
			isa = XCConfigurationList;
			buildConfigurations = (
				925A1F4F1B1E916400E0D182 /* Debug */,
				925A1F501B1E916400E0D182 /* Release */,
			);
			defaultConfigurationIsVisible = 0;
		};
		925A1F6E1B1E91B400E0D182 /* Build configuration list for PBXNativeTarget "HelloAppleWatch WatchKit App" */ = {
			isa = XCConfigurationList;
			buildConfigurations = (
				925A1F6F1B1E91B400E0D182 /* Debug */,
				925A1F701B1E91B400E0D182 /* Release */,
			);
			defaultConfigurationIsVisible = 0;
		};
		925A1F711B1E91B400E0D182 /* Build configuration list for PBXNativeTarget "HelloAppleWatch WatchKit Extension" */ = {
			isa = XCConfigurationList;
			buildConfigurations = (
				925A1F721B1E91B400E0D182 /* Debug */,
				925A1F731B1E91B400E0D182 /* Release */,
			);
			defaultConfigurationIsVisible = 0;
		};
/* End XCConfigurationList section */
	};
	rootObject = 925A1F241B1E916400E0D182 /* Project object */;
}
